
Microsoft Visual Studio Solution File, Format Version 12.00
# Visual Studio Version 17
VisualStudioVersion = 17.11.35312.102
MinimumVisualStudioVersion = 10.0.40219.1
Project("{FAE04EC0-301F-11D3-BF4B-00C04F79EFBC}") = "Fullstack", "Fullstack\Fullstack.csproj", "{84B54BA6-B0FD-4A6A-A953-6F13949C8095}"
EndProject
Global
	GlobalSection(SolutionConfigurationPlatforms) = preSolution
		Debug|Any CPU = Debug|Any CPU
		Release|Any CPU = Release|Any CPU
	EndGlobalSection
	GlobalSection(ProjectConfigurationPlatforms) = postSolution
		{84B54BA6-B0FD-4A6A-A953-6F13949C8095}.Debug|Any CPU.ActiveCfg = Debug|Any CPU
		{84B54BA6-B0FD-4A6A-A953-6F13949C8095}.Debug|Any CPU.Build.0 = Debug|Any CPU
		{84B54BA6-B0FD-4A6A-A953-6F13949C8095}.Release|Any CPU.ActiveCfg = Release|Any CPU
		{84B54BA6-B0FD-4A6A-A953-6F13949C8095}.Release|Any CPU.Build.0 = Release|Any CPU
	EndGlobalSection
	GlobalSection(SolutionProperties) = preSolution
		HideSolutionNode = FALSE
	EndGlobalSection
	GlobalSection(ExtensibilityGlobals) = postSolution
		SolutionGuid = {C830D7B6-EBBB-40DC-AB69-5EC88466672D}
	EndGlobalSection
EndGlobal
